
Microsoft Visual Studio Solution File, Format Version 12.00
# Visual Studio 15
VisualStudioVersion = 15.0.27428.1
MinimumVisualStudioVersion = 10.0.40219.1
Project("{FAE04EC0-301F-11D3-BF4B-00C04F79EFBC}") = "FutbolApp.Android", "FutbolApp\FutbolApp.Android\FutbolApp.Android.csproj", "{8542E805-85ED-4956-A286-79A75F725C38}"
EndProject
Project("{FAE04EC0-301F-11D3-BF4B-00C04F79EFBC}") = "FutbolApp.iOS", "FutbolApp\FutbolApp.iOS\FutbolApp.iOS.csproj", "{B60B4D18-B3BB-4536-B528-87CEFE7DA0D0}"
EndProject
Project("{FAE04EC0-301F-11D3-BF4B-00C04F79EFBC}") = "FutbolApp", "FutbolApp\FutbolApp\FutbolApp.csproj", "{B981926A-456B-40B1-8F72-D263858727FB}"
EndProject
Global
	GlobalSection(SolutionConfigurationPlatforms) = preSolution
		Ad-Hoc|Any CPU = Ad-Hoc|Any CPU
		Ad-Hoc|iPhone = Ad-Hoc|iPhone
		Ad-Hoc|iPhoneSimulator = Ad-Hoc|iPhoneSimulator
		AppStore|Any CPU = AppStore|Any CPU
		AppStore|iPhone = AppStore|iPhone
		AppStore|iPhoneSimulator = AppStore|iPhoneSimulator
		Debug|Any CPU = Debug|Any CPU
		Debug|iPhone = Debug|iPhone
		Debug|iPhoneSimulator = Debug|iPhoneSimulator
		Release|Any CPU = Release|Any CPU
		Release|iPhone = Release|iPhone
		Release|iPhoneSimulator = Release|iPhoneSimulator
	EndGlobalSection
	GlobalSection(ProjectConfigurationPlatforms) = postSolution
		{8542E805-85ED-4956-A286-79A75F725C38}.Ad-Hoc|Any CPU.ActiveCfg = Release|Any CPU
		{8542E805-85ED-4956-A286-79A75F725C38}.Ad-Hoc|Any CPU.Build.0 = Release|Any CPU
		{8542E805-85ED-4956-A286-79A75F725C38}.Ad-Hoc|Any CPU.Deploy.0 = Release|Any CPU
		{8542E805-85ED-4956-A286-79A75F725C38}.Ad-Hoc|iPhone.ActiveCfg = Release|Any CPU
		{8542E805-85ED-4956-A286-79A75F725C38}.Ad-Hoc|iPhone.Build.0 = Release|Any CPU
		{8542E805-85ED-4956-A286-79A75F725C38}.Ad-Hoc|iPhone.Deploy.0 = Release|Any CPU
		{8542E805-85ED-4956-A286-79A75F725C38}.Ad-Hoc|iPhoneSimulator.ActiveCfg = Release|Any CPU
		{8542E805-85ED-4956-A286-79A75F725C38}.Ad-Hoc|iPhoneSimulator.Build.0 = Release|Any CPU
		{8542E805-85ED-4956-A286-79A75F725C38}.Ad-Hoc|iPhoneSimulator.Deploy.0 = Release|Any CPU
		{8542E805-85ED-4956-A286-79A75F725C38}.AppStore|Any CPU.ActiveCfg = Release|Any CPU
		{8542E805-85ED-4956-A286-79A75F725C38}.AppStore|Any CPU.Build.0 = Release|Any CPU
		{8542E805-85ED-4956-A286-79A75F725C38}.AppStore|Any CPU.Deploy.0 = Release|Any CPU
		{8542E805-85ED-4956-A286-79A75F725C38}.AppStore|iPhone.ActiveCfg = Release|Any CPU
		{8542E805-85ED-4956-A286-79A75F725C38}.AppStore|iPhone.Build.0 = Release|Any CPU
		{8542E805-85ED-4956-A286-79A75F725C38}.AppStore|iPhone.Deploy.0 = Release|Any CPU
		{8542E805-85ED-4956-A286-79A75F725C38}.AppStore|iPhoneSimulator.ActiveCfg = Release|Any CPU
		{8542E805-85ED-4956-A286-79A75F725C38}.AppStore|iPhoneSimulator.Build.0 = Release|Any CPU
		{8542E805-85ED-4956-A286-79A75F725C38}.AppStore|iPhoneSimulator.Deploy.0 = Release|Any CPU
		{8542E805-85ED-4956-A286-79A75F725C38}.Debug|Any CPU.ActiveCfg = Debug|Any CPU
		{8542E805-85ED-4956-A286-79A75F725C38}.Debug|Any CPU.Build.0 = Debug|Any CPU
		{8542E805-85ED-4956-A286-79A75F725C38}.Debug|Any CPU.Deploy.0 = Debug|Any CPU
		{8542E805-85ED-4956-A286-79A75F725C38}.Debug|iPhone.ActiveCfg = Debug|Any CPU
		{8542E805-85ED-4956-A286-79A75F725C38}.Debug|iPhone.Build.0 = Debug|Any CPU
		{8542E805-85ED-4956-A286-79A75F725C38}.Debug|iPhone.Deploy.0 = Debug|Any CPU
		{8542E805-85ED-4956-A286-79A75F725C38}.Debug|iPhoneSimulator.ActiveCfg = Debug|Any CPU
		{8542E805-85ED-4956-A286-79A75F725C38}.Debug|iPhoneSimulator.Build.0 = Debug|Any CPU
		{8542E805-85ED-4956-A286-79A75F725C38}.Debug|iPhoneSimulator.Deploy.0 = Debug|Any CPU
		{8542E805-85ED-4956-A286-79A75F725C38}.Release|Any CPU.ActiveCfg = Release|Any CPU
		{8542E805-85ED-4956-A286-79A75F725C38}.Release|Any CPU.Build.0 = Release|Any CPU
		{8542E805-85ED-4956-A286-79A75F725C38}.Release|Any CPU.Deploy.0 = Release|Any CPU
		{8542E805-85ED-4956-A286-79A75F725C38}.Release|iPhone.ActiveCfg = Release|Any CPU
		{8542E805-85ED-4956-A286-79A75F725C38}.Release|iPhone.Build.0 = Release|Any CPU
		{8542E805-85ED-4956-A286-79A75F725C38}.Release|iPhone.Deploy.0 = Release|Any CPU
		{8542E805-85ED-4956-A286-79A75F725C38}.Release|iPhoneSimulator.ActiveCfg = Release|Any CPU
		{8542E805-85ED-4956-A286-79A75F725C38}.Release|iPhoneSimulator.Build.0 = Release|Any CPU
		{8542E805-85ED-4956-A286-79A75F725C38}.Release|iPhoneSimulator.Deploy.0 = Release|Any CPU
		{B60B4D18-B3BB-4536-B528-87CEFE7DA0D0}.Ad-Hoc|Any CPU.ActiveCfg = Ad-Hoc|iPhone
		{B60B4D18-B3BB-4536-B528-87CEFE7DA0D0}.Ad-Hoc|iPhone.ActiveCfg = Ad-Hoc|iPhone
		{B60B4D18-B3BB-4536-B528-87CEFE7DA0D0}.Ad-Hoc|iPhone.Build.0 = Ad-Hoc|iPhone
		{B60B4D18-B3BB-4536-B528-87CEFE7DA0D0}.Ad-Hoc|iPhoneSimulator.ActiveCfg = Ad-Hoc|iPhoneSimulator
		{B60B4D18-B3BB-4536-B528-87CEFE7DA0D0}.Ad-Hoc|iPhoneSimulator.Build.0 = Ad-Hoc|iPhoneSimulator
		{B60B4D18-B3BB-4536-B528-87CEFE7DA0D0}.AppStore|Any CPU.ActiveCfg = AppStore|iPhone
		{B60B4D18-B3BB-4536-B528-87CEFE7DA0D0}.AppStore|iPhone.ActiveCfg = AppStore|iPhone
		{B60B4D18-B3BB-4536-B528-87CEFE7DA0D0}.AppStore|iPhone.Build.0 = AppStore|iPhone
		{B60B4D18-B3BB-4536-B528-87CEFE7DA0D0}.AppStore|iPhoneSimulator.ActiveCfg = AppStore|iPhoneSimulator
		{B60B4D18-B3BB-4536-B528-87CEFE7DA0D0}.AppStore|iPhoneSimulator.Build.0 = AppStore|iPhoneSimulator
		{B60B4D18-B3BB-4536-B528-87CEFE7DA0D0}.Debug|Any CPU.ActiveCfg = Debug|iPhone
		{B60B4D18-B3BB-4536-B528-87CEFE7DA0D0}.Debug|iPhone.ActiveCfg = Debug|iPhone
		{B60B4D18-B3BB-4536-B528-87CEFE7DA0D0}.Debug|iPhone.Build.0 = Debug|iPhone
		{B60B4D18-B3BB-4536-B528-87CEFE7DA0D0}.Debug|iPhoneSimulator.ActiveCfg = Debug|iPhoneSimulator
		{B60B4D18-B3BB-4536-B528-87CEFE7DA0D0}.Debug|iPhoneSimulator.Build.0 = Debug|iPhoneSimulator
		{B60B4D18-B3BB-4536-B528-87CEFE7DA0D0}.Release|Any CPU.ActiveCfg = Release|iPhone
		{B60B4D18-B3BB-4536-B528-87CEFE7DA0D0}.Release|iPhone.ActiveCfg = Release|iPhone
		{B60B4D18-B3BB-4536-B528-87CEFE7DA0D0}.Release|iPhone.Build.0 = Release|iPhone
		{B60B4D18-B3BB-4536-B528-87CEFE7DA0D0}.Release|iPhoneSimulator.ActiveCfg = Release|iPhoneSimulator
		{B60B4D18-B3BB-4536-B528-87CEFE7DA0D0}.Release|iPhoneSimulator.Build.0 = Release|iPhoneSimulator
		{B981926A-456B-40B1-8F72-D263858727FB}.Ad-Hoc|Any CPU.ActiveCfg = Debug|Any CPU
		{B981926A-456B-40B1-8F72-D263858727FB}.Ad-Hoc|Any CPU.Build.0 = Debug|Any CPU
		{B981926A-456B-40B1-8F72-D263858727FB}.Ad-Hoc|iPhone.ActiveCfg = Debug|Any CPU
		{B981926A-456B-40B1-8F72-D263858727FB}.Ad-Hoc|iPhone.Build.0 = Debug|Any CPU
		{B981926A-456B-40B1-8F72-D263858727FB}.Ad-Hoc|iPhoneSimulator.ActiveCfg = Debug|Any CPU
		{B981926A-456B-40B1-8F72-D263858727FB}.Ad-Hoc|iPhoneSimulator.Build.0 = Debug|Any CPU
		{B981926A-456B-40B1-8F72-D263858727FB}.AppStore|Any CPU.ActiveCfg = Debug|Any CPU
		{B981926A-456B-40B1-8F72-D263858727FB}.AppStore|Any CPU.Build.0 = Debug|Any CPU
		{B981926A-456B-40B1-8F72-D263858727FB}.AppStore|iPhone.ActiveCfg = Debug|Any CPU
		{B981926A-456B-40B1-8F72-D263858727FB}.AppStore|iPhone.Build.0 = Debug|Any CPU
		{B981926A-456B-40B1-8F72-D263858727FB}.AppStore|iPhoneSimulator.ActiveCfg = Debug|Any CPU
		{B981926A-456B-40B1-8F72-D263858727FB}.AppStore|iPhoneSimulator.Build.0 = Debug|Any CPU
		{B981926A-456B-40B1-8F72-D263858727FB}.Debug|Any CPU.ActiveCfg = Debug|Any CPU
		{B981926A-456B-40B1-8F72-D263858727FB}.Debug|Any CPU.Build.0 = Debug|Any CPU
		{B981926A-456B-40B1-8F72-D263858727FB}.Debug|iPhone.ActiveCfg = Debug|Any CPU
		{B981926A-456B-40B1-8F72-D263858727FB}.Debug|iPhone.Build.0 = Debug|Any CPU
		{B981926A-456B-40B1-8F72-D263858727FB}.Debug|iPhoneSimulator.ActiveCfg = Debug|Any CPU
		{B981926A-456B-40B1-8F72-D263858727FB}.Debug|iPhoneSimulator.Build.0 = Debug|Any CPU
		{B981926A-456B-40B1-8F72-D263858727FB}.Release|Any CPU.ActiveCfg = Release|Any CPU
		{B981926A-456B-40B1-8F72-D263858727FB}.Release|Any CPU.Build.0 = Release|Any CPU
		{B981926A-456B-40B1-8F72-D263858727FB}.Release|iPhone.ActiveCfg = Release|Any CPU
		{B981926A-456B-40B1-8F72-D263858727FB}.Release|iPhone.Build.0 = Release|Any CPU
		{B981926A-456B-40B1-8F72-D263858727FB}.Release|iPhoneSimulator.ActiveCfg = Release|Any CPU
		{B981926A-456B-40B1-8F72-D263858727FB}.Release|iPhoneSimulator.Build.0 = Release|Any CPU
	EndGlobalSection
	GlobalSection(SolutionProperties) = preSolution
		HideSolutionNode = FALSE
	EndGlobalSection
	GlobalSection(ExtensibilityGlobals) = postSolution
		SolutionGuid = {AB96E987-5944-4204-AEE9-999ACDD903A0}
	EndGlobalSection
EndGlobal
